
Microsoft Visual Studio Solution File, Format Version 12.00
# Visual Studio Version 17
VisualStudioVersion = 17.5.2.0
MinimumVisualStudioVersion = 10.0.40219.1
Project("{FAE04EC0-301F-11D3-BF4B-00C04F79EFBC}") = "WS_Onboarding", "WS_Onboarding.csproj", "{D23A8023-4079-4A9D-B686-202365687ABD}"
EndProject
Global
	GlobalSection(SolutionConfigurationPlatforms) = preSolution
		Debug|Any CPU = Debug|Any CPU
		Debug|x64 = Debug|x64
		Debug|x86 = Debug|x86
		Release|Any CPU = Release|Any CPU
		Release|x64 = Release|x64
		Release|x86 = Release|x86
	EndGlobalSection
	GlobalSection(ProjectConfigurationPlatforms) = postSolution
		{D23A8023-4079-4A9D-B686-202365687ABD}.Debug|Any CPU.ActiveCfg = Debug|Any CPU
		{D23A8023-4079-4A9D-B686-202365687ABD}.Debug|Any CPU.Build.0 = Debug|Any CPU
		{D23A8023-4079-4A9D-B686-202365687ABD}.Debug|x64.ActiveCfg = Debug|Any CPU
		{D23A8023-4079-4A9D-B686-202365687ABD}.Debug|x64.Build.0 = Debug|Any CPU
		{D23A8023-4079-4A9D-B686-202365687ABD}.Debug|x86.ActiveCfg = Debug|Any CPU
		{D23A8023-4079-4A9D-B686-202365687ABD}.Debug|x86.Build.0 = Debug|Any CPU
		{D23A8023-4079-4A9D-B686-202365687ABD}.Release|Any CPU.ActiveCfg = Release|Any CPU
		{D23A8023-4079-4A9D-B686-202365687ABD}.Release|Any CPU.Build.0 = Release|Any CPU
		{D23A8023-4079-4A9D-B686-202365687ABD}.Release|x64.ActiveCfg = Release|Any CPU
		{D23A8023-4079-4A9D-B686-202365687ABD}.Release|x64.Build.0 = Release|Any CPU
		{D23A8023-4079-4A9D-B686-202365687ABD}.Release|x86.ActiveCfg = Release|Any CPU
		{D23A8023-4079-4A9D-B686-202365687ABD}.Release|x86.Build.0 = Release|Any CPU
	EndGlobalSection
	GlobalSection(SolutionProperties) = preSolution
		HideSolutionNode = FALSE
	EndGlobalSection
	GlobalSection(ExtensibilityGlobals) = postSolution
		SolutionGuid = {BFC8F11B-5650-4248-9854-A86F4BD41031}
	EndGlobalSection
EndGlobal
